
Microsoft Visual Studio Solution File, Format Version 12.00
# Visual Studio Version 17
VisualStudioVersion = 17.6.33717.318
MinimumVisualStudioVersion = 10.0.40219.1
Project("{2150E333-8FDC-42A3-9474-1A3956D46DE8}") = "Microservices", "Microservices", "{DE7D1E26-013A-41DE-BD9C-926D1B1C246F}"
EndProject
Project("{9A19103F-16F7-4668-BE54-9A1E7A4F7556}") = "CustomerWebApi", "CustomerWebApi\CustomerWebApi.csproj", "{B24FC24A-92FC-42FF-B3C9-29259220E7F5}"
	ProjectSection(ProjectDependencies) = postProject
		{0E701A08-38F3-458D-B14A-EDD6215F9149} = {0E701A08-38F3-458D-B14A-EDD6215F9149}
		{3F94FCB1-914C-413C-9154-DFF65022D9A1} = {3F94FCB1-914C-413C-9154-DFF65022D9A1}
	EndProjectSection
EndProject
Project("{9A19103F-16F7-4668-BE54-9A1E7A4F7556}") = "ProductWebApi", "ProductWebApi\ProductWebApi.csproj", "{0E701A08-38F3-458D-B14A-EDD6215F9149}"
EndProject
Project("{2150E333-8FDC-42A3-9474-1A3956D46DE8}") = "ApiGateway", "ApiGateway", "{56C5926D-DA5A-426A-A664-D2B59F9C45C9}"
EndProject
Project("{9A19103F-16F7-4668-BE54-9A1E7A4F7556}") = "ApiGway", "ApiGway\ApiGway.csproj", "{3F94FCB1-914C-413C-9154-DFF65022D9A1}"
EndProject
Project("{9A19103F-16F7-4668-BE54-9A1E7A4F7556}") = "Common", "Common\Common.csproj", "{C87B06F0-D3B6-4C9D-B71A-EAD2A04E2889}"
EndProject
Project("{2150E333-8FDC-42A3-9474-1A3956D46DE8}") = "UI", "UI", "{36EC0B10-07E7-4A2D-A4C8-B02D7C296CD4}"
EndProject
Project("{9A19103F-16F7-4668-BE54-9A1E7A4F7556}") = "OrderWebApi", "OrderWebApi\OrderWebApi.csproj", "{8CEB9809-4CED-47D6-847D-3F1165235079}"
EndProject
Project("{9A19103F-16F7-4668-BE54-9A1E7A4F7556}") = "BlazorServerIU", "BlazorServerIU\BlazorServerIU.csproj", "{3EBCA523-FE0F-4105-8A30-E33AAF0C361C}"
EndProject
Project("{E53339B2-1760-4266-BCC7-CA923CBCF16C}") = "docker-compose", "docker-compose.dcproj", "{4DA24290-2338-4FA4-99EF-616089DE3354}"
EndProject
Global
	GlobalSection(SolutionConfigurationPlatforms) = preSolution
		Debug|Any CPU = Debug|Any CPU
		Release|Any CPU = Release|Any CPU
	EndGlobalSection
	GlobalSection(ProjectConfigurationPlatforms) = postSolution
		{B24FC24A-92FC-42FF-B3C9-29259220E7F5}.Debug|Any CPU.ActiveCfg = Debug|Any CPU
		{B24FC24A-92FC-42FF-B3C9-29259220E7F5}.Debug|Any CPU.Build.0 = Debug|Any CPU
		{B24FC24A-92FC-42FF-B3C9-29259220E7F5}.Release|Any CPU.ActiveCfg = Release|Any CPU
		{B24FC24A-92FC-42FF-B3C9-29259220E7F5}.Release|Any CPU.Build.0 = Release|Any CPU
		{0E701A08-38F3-458D-B14A-EDD6215F9149}.Debug|Any CPU.ActiveCfg = Debug|Any CPU
		{0E701A08-38F3-458D-B14A-EDD6215F9149}.Debug|Any CPU.Build.0 = Debug|Any CPU
		{0E701A08-38F3-458D-B14A-EDD6215F9149}.Release|Any CPU.ActiveCfg = Release|Any CPU
		{0E701A08-38F3-458D-B14A-EDD6215F9149}.Release|Any CPU.Build.0 = Release|Any CPU
		{3F94FCB1-914C-413C-9154-DFF65022D9A1}.Debug|Any CPU.ActiveCfg = Debug|Any CPU
		{3F94FCB1-914C-413C-9154-DFF65022D9A1}.Debug|Any CPU.Build.0 = Debug|Any CPU
		{3F94FCB1-914C-413C-9154-DFF65022D9A1}.Release|Any CPU.ActiveCfg = Release|Any CPU
		{3F94FCB1-914C-413C-9154-DFF65022D9A1}.Release|Any CPU.Build.0 = Release|Any CPU
		{C87B06F0-D3B6-4C9D-B71A-EAD2A04E2889}.Debug|Any CPU.ActiveCfg = Debug|Any CPU
		{C87B06F0-D3B6-4C9D-B71A-EAD2A04E2889}.Debug|Any CPU.Build.0 = Debug|Any CPU
		{C87B06F0-D3B6-4C9D-B71A-EAD2A04E2889}.Release|Any CPU.ActiveCfg = Release|Any CPU
		{C87B06F0-D3B6-4C9D-B71A-EAD2A04E2889}.Release|Any CPU.Build.0 = Release|Any CPU
		{8CEB9809-4CED-47D6-847D-3F1165235079}.Debug|Any CPU.ActiveCfg = Debug|Any CPU
		{8CEB9809-4CED-47D6-847D-3F1165235079}.Debug|Any CPU.Build.0 = Debug|Any CPU
		{8CEB9809-4CED-47D6-847D-3F1165235079}.Release|Any CPU.ActiveCfg = Release|Any CPU
		{8CEB9809-4CED-47D6-847D-3F1165235079}.Release|Any CPU.Build.0 = Release|Any CPU
		{3EBCA523-FE0F-4105-8A30-E33AAF0C361C}.Debug|Any CPU.ActiveCfg = Debug|Any CPU
		{3EBCA523-FE0F-4105-8A30-E33AAF0C361C}.Debug|Any CPU.Build.0 = Debug|Any CPU
		{3EBCA523-FE0F-4105-8A30-E33AAF0C361C}.Release|Any CPU.ActiveCfg = Release|Any CPU
		{3EBCA523-FE0F-4105-8A30-E33AAF0C361C}.Release|Any CPU.Build.0 = Release|Any CPU
		{4DA24290-2338-4FA4-99EF-616089DE3354}.Debug|Any CPU.ActiveCfg = Debug|Any CPU
		{4DA24290-2338-4FA4-99EF-616089DE3354}.Debug|Any CPU.Build.0 = Debug|Any CPU
		{4DA24290-2338-4FA4-99EF-616089DE3354}.Release|Any CPU.ActiveCfg = Release|Any CPU
		{4DA24290-2338-4FA4-99EF-616089DE3354}.Release|Any CPU.Build.0 = Release|Any CPU
	EndGlobalSection
	GlobalSection(SolutionProperties) = preSolution
		HideSolutionNode = FALSE
	EndGlobalSection
	GlobalSection(NestedProjects) = preSolution
		{B24FC24A-92FC-42FF-B3C9-29259220E7F5} = {DE7D1E26-013A-41DE-BD9C-926D1B1C246F}
		{0E701A08-38F3-458D-B14A-EDD6215F9149} = {DE7D1E26-013A-41DE-BD9C-926D1B1C246F}
		{3F94FCB1-914C-413C-9154-DFF65022D9A1} = {56C5926D-DA5A-426A-A664-D2B59F9C45C9}
		{8CEB9809-4CED-47D6-847D-3F1165235079} = {DE7D1E26-013A-41DE-BD9C-926D1B1C246F}
		{3EBCA523-FE0F-4105-8A30-E33AAF0C361C} = {36EC0B10-07E7-4A2D-A4C8-B02D7C296CD4}
	EndGlobalSection
	GlobalSection(ExtensibilityGlobals) = postSolution
		SolutionGuid = {D30DBA13-0A00-4829-8DE9-901A0AD32C1B}
	EndGlobalSection
EndGlobal
